// !$*UTF8*$!
{
	archiveVersion = 1;
	classes = {
	};
	objectVersion = 46;
	objects = {

/* Begin PBXBuildFile section */
		690CB7181540226000C729C0 /* 83-calendar.png in Resources */ = {isa = PBXBuildFile; fileRef = 690CB7171540226000C729C0 /* 83-calendar.png */; };
		690CB71A154022B600C729C0 /* EventKit.framework in Frameworks */ = {isa = PBXBuildFile; fileRef = 690CB719154022B600C729C0 /* EventKit.framework */; };
		690CB71C154022BC00C729C0 /* EventKitUI.framework in Frameworks */ = {isa = PBXBuildFile; fileRef = 690CB71B154022BC00C729C0 /* EventKitUI.framework */; };
		690CB7201540433B00C729C0 /* 08-chat.png in Resources */ = {isa = PBXBuildFile; fileRef = 690CB71F1540433B00C729C0 /* 08-chat.png */; };
		690CB7221540436800C729C0 /* 112-group.png in Resources */ = {isa = PBXBuildFile; fileRef = 690CB7211540436800C729C0 /* 112-group.png */; };
		690CB7241540437800C729C0 /* 28-star.png in Resources */ = {isa = PBXBuildFile; fileRef = 690CB7231540437800C729C0 /* 28-star.png */; };
		690CB72615411EE300C729C0 /* 70-tv.png in Resources */ = {isa = PBXBuildFile; fileRef = 690CB72515411EE300C729C0 /* 70-tv.png */; };
		690CB7291541282400C729C0 /* ListingWebViewController.m in Sources */ = {isa = PBXBuildFile; fileRef = 690CB7281541282400C729C0 /* ListingWebViewController.m */; };
		691E27A2154E339900099065 /* Subscribe.m in Sources */ = {isa = PBXBuildFile; fileRef = 691E27A1154E339900099065 /* Subscribe.m */; };
		6927A1671527E27F00667A7F /* MapKit.framework in Frameworks */ = {isa = PBXBuildFile; fileRef = 6927A1661527E27F00667A7F /* MapKit.framework */; };
		6927A17215286D7D00667A7F /* 73-radar.png in Resources */ = {isa = PBXBuildFile; fileRef = 6927A17115286D7D00667A7F /* 73-radar.png */; };
		6927A17415286DD400667A7F /* 179-notepad.png in Resources */ = {isa = PBXBuildFile; fileRef = 6927A17315286DD400667A7F /* 179-notepad.png */; };
		692C16D6161D7C36006063AD /* news.xml in Resources */ = {isa = PBXBuildFile; fileRef = 692C16D5161D7C36006063AD /* news.xml */; };
		692C16DC161E8E6F006063AD /* Default-568h@2x.png in Resources */ = {isa = PBXBuildFile; fileRef = 692C16DB161E8E6F006063AD /* Default-568h@2x.png */; };
		692C16E4161FE622006063AD /* lock.png in Resources */ = {isa = PBXBuildFile; fileRef = 692C16E2161FE622006063AD /* lock.png */; };
		692C16E5161FE622006063AD /* unlock.png in Resources */ = {isa = PBXBuildFile; fileRef = 692C16E3161FE622006063AD /* unlock.png */; };
		692C16EC1620091C006063AD /* arrow_icon.png in Resources */ = {isa = PBXBuildFile; fileRef = 692C16EB1620091C006063AD /* arrow_icon.png */; };
		692C17011621248B006063AD /* button.png in Resources */ = {isa = PBXBuildFile; fileRef = 692C17001621248B006063AD /* button.png */; };
		692C170F162148D2006063AD /* IconDownloader.m in Sources */ = {isa = PBXBuildFile; fileRef = 692C170E162148D2006063AD /* IconDownloader.m */; };
		692C1710162148D2006063AD /* IconDownloader.m in Sources */ = {isa = PBXBuildFile; fileRef = 692C170E162148D2006063AD /* IconDownloader.m */; };
		692C171216215027006063AD /* Placeholder.png in Resources */ = {isa = PBXBuildFile; fileRef = 692C171116215027006063AD /* Placeholder.png */; };
		692C171316215027006063AD /* Placeholder.png in Resources */ = {isa = PBXBuildFile; fileRef = 692C171116215027006063AD /* Placeholder.png */; };
		6940CD53154E585E004A6D70 /* SaveToFavorites.m in Sources */ = {isa = PBXBuildFile; fileRef = 6940CD52154E585E004A6D70 /* SaveToFavorites.m */; };
		6940CD56154E5DD2004A6D70 /* FavoritesViewController.m in Sources */ = {isa = PBXBuildFile; fileRef = 6940CD55154E5DD2004A6D70 /* FavoritesViewController.m */; };
		6940CD66154E6249004A6D70 /* SearchArray.m in Sources */ = {isa = PBXBuildFile; fileRef = 6940CD65154E6249004A6D70 /* SearchArray.m */; };
		6940CD69154E62B3004A6D70 /* GenerateFavoritesString.m in Sources */ = {isa = PBXBuildFile; fileRef = 6940CD68154E62B3004A6D70 /* GenerateFavoritesString.m */; };
		6940CD70154E6660004A6D70 /* SignUpCheck.m in Sources */ = {isa = PBXBuildFile; fileRef = 6940CD6F154E6660004A6D70 /* SignUpCheck.m */; };
		6940CD76154E6C0D004A6D70 /* NavigationViewController.m in Sources */ = {isa = PBXBuildFile; fileRef = 6940CD75154E6C0D004A6D70 /* NavigationViewController.m */; };
		6940CD79154E6DD1004A6D70 /* RecordSignup.m in Sources */ = {isa = PBXBuildFile; fileRef = 6940CD78154E6DD1004A6D70 /* RecordSignup.m */; };
		6940CD81154FEC28004A6D70 /* AroundMe.php.xml in Resources */ = {isa = PBXBuildFile; fileRef = 6940CD80154FEC28004A6D70 /* AroundMe.php.xml */; };
		6940CD8815501655004A6D70 /* ExploreXMLParser.m in Sources */ = {isa = PBXBuildFile; fileRef = 6940CD8715501655004A6D70 /* ExploreXMLParser.m */; };
		6940CD8B15502E10004A6D70 /* AreaXMLParser.m in Sources */ = {isa = PBXBuildFile; fileRef = 6940CD8A15502E10004A6D70 /* AreaXMLParser.m */; };
		6940CD8E15502E59004A6D70 /* AreaClassString.m in Sources */ = {isa = PBXBuildFile; fileRef = 6940CD8D15502E59004A6D70 /* AreaClassString.m */; };
		69530E111535906800B6FB5E /* TourMapListViewController.m in Sources */ = {isa = PBXBuildFile; fileRef = 69530E101535906800B6FB5E /* TourMapListViewController.m */; };
		696112E215301E110069E336 /* AroundMeMapListViewController.m in Sources */ = {isa = PBXBuildFile; fileRef = 696112E115301E110069E336 /* AroundMeMapListViewController.m */; };
		696112ED1531710F0069E336 /* CoreLocation.framework in Frameworks */ = {isa = PBXBuildFile; fileRef = 696112EC1531710F0069E336 /* CoreLocation.framework */; };
		6969E6DE153C0E3600FCCF84 /* ListingViewController.m in Sources */ = {isa = PBXBuildFile; fileRef = 6969E6DD153C0E3600FCCF84 /* ListingViewController.m */; };
		6987B04516060B7D00CA4F3E /* dotted-pattern.png in Resources */ = {isa = PBXBuildFile; fileRef = 6987B03416060B7D00CA4F3E /* dotted-pattern.png */; };
		6987B04616060B7D00CA4F3E /* dotted-pattern.png in Resources */ = {isa = PBXBuildFile; fileRef = 6987B03416060B7D00CA4F3E /* dotted-pattern.png */; };
		6987B04716060B7D00CA4F3E /* dotted-pattern@2x.png in Resources */ = {isa = PBXBuildFile; fileRef = 6987B03516060B7D00CA4F3E /* dotted-pattern@2x.png */; };
		6987B04816060B7D00CA4F3E /* dotted-pattern@2x.png in Resources */ = {isa = PBXBuildFile; fileRef = 6987B03516060B7D00CA4F3E /* dotted-pattern@2x.png */; };
		6987B04916060B7D00CA4F3E /* inner-shadow.png in Resources */ = {isa = PBXBuildFile; fileRef = 6987B03616060B7D00CA4F3E /* inner-shadow.png */; };
		6987B04A16060B7D00CA4F3E /* inner-shadow.png in Resources */ = {isa = PBXBuildFile; fileRef = 6987B03616060B7D00CA4F3E /* inner-shadow.png */; };
		6987B05B16060B7D00CA4F3E /* star-hollow.png in Resources */ = {isa = PBXBuildFile; fileRef = 6987B03F16060B7D00CA4F3E /* star-hollow.png */; };
		6987B05C16060B7D00CA4F3E /* star-hollow.png in Resources */ = {isa = PBXBuildFile; fileRef = 6987B03F16060B7D00CA4F3E /* star-hollow.png */; };
		6987B05D16060B7D00CA4F3E /* star-hollow@2x.png in Resources */ = {isa = PBXBuildFile; fileRef = 6987B04016060B7D00CA4F3E /* star-hollow@2x.png */; };
		6987B05E16060B7D00CA4F3E /* star-hollow@2x.png in Resources */ = {isa = PBXBuildFile; fileRef = 6987B04016060B7D00CA4F3E /* star-hollow@2x.png */; };
		6987B06116060C2600CA4F3E /* SideSwipeTableViewCell.m in Sources */ = {isa = PBXBuildFile; fileRef = 6987B06016060C2600CA4F3E /* SideSwipeTableViewCell.m */; };
		6987B06216060F1600CA4F3E /* SideSwipeTableViewCell.m in Sources */ = {isa = PBXBuildFile; fileRef = 6987B06016060C2600CA4F3E /* SideSwipeTableViewCell.m */; };
		6987F5DE161D195700646BC1 /* Favourites.xml in Resources */ = {isa = PBXBuildFile; fileRef = 6987F5DD161D195700646BC1 /* Favourites.xml */; };
		699534C2153C45DD005EAACE /* EventFilterViewController.m in Sources */ = {isa = PBXBuildFile; fileRef = 699534C1153C45DD005EAACE /* EventFilterViewController.m */; };
		699B92E71545481B005A9C5B /* HomePageViewController.m in Sources */ = {isa = PBXBuildFile; fileRef = 699B92E61545481B005A9C5B /* HomePageViewController.m */; };
		699B9311154817BE005A9C5B /* TourMapListRouteViewController.m in Sources */ = {isa = PBXBuildFile; fileRef = 699B9310154817BE005A9C5B /* TourMapListRouteViewController.m */; };
		699B93181548202C005A9C5B /* BlabberStoryViewController.m in Sources */ = {isa = PBXBuildFile; fileRef = 699B93171548202C005A9C5B /* BlabberStoryViewController.m */; };
		699B931C15482521005A9C5B /* MainTypeClass.m in Sources */ = {isa = PBXBuildFile; fileRef = 699B931B15482521005A9C5B /* MainTypeClass.m */; };
		699B932E154957B7005A9C5B /* AreaClass.m in Sources */ = {isa = PBXBuildFile; fileRef = 699B932D154957B7005A9C5B /* AreaClass.m */; };
		699B933115496610005A9C5B /* Listing.m in Sources */ = {isa = PBXBuildFile; fileRef = 699B933015496610005A9C5B /* Listing.m */; };
		69A34815154D791E00F7FF2F /* ListingString.m in Sources */ = {isa = PBXBuildFile; fileRef = 69A34814154D791E00F7FF2F /* ListingString.m */; };
		69A598471520843F00BDA150 /* UIKit.framework in Frameworks */ = {isa = PBXBuildFile; fileRef = 69A598461520843F00BDA150 /* UIKit.framework */; };
		69A598491520843F00BDA150 /* Foundation.framework in Frameworks */ = {isa = PBXBuildFile; fileRef = 69A598481520843F00BDA150 /* Foundation.framework */; };
		69A5984B1520843F00BDA150 /* CoreGraphics.framework in Frameworks */ = {isa = PBXBuildFile; fileRef = 69A5984A1520843F00BDA150 /* CoreGraphics.framework */; };
		69A598511520843F00BDA150 /* InfoPlist.strings in Resources */ = {isa = PBXBuildFile; fileRef = 69A5984F1520843F00BDA150 /* InfoPlist.strings */; };
		69A598531520843F00BDA150 /* main.m in Sources */ = {isa = PBXBuildFile; fileRef = 69A598521520843F00BDA150 /* main.m */; };
		69A598571520844000BDA150 /* AppDelegate.m in Sources */ = {isa = PBXBuildFile; fileRef = 69A598561520844000BDA150 /* AppDelegate.m */; };
		69A5985A1520844000BDA150 /* MainStoryboard.storyboard in Resources */ = {isa = PBXBuildFile; fileRef = 69A598581520844000BDA150 /* MainStoryboard.storyboard */; };
		69A5985D1520844000BDA150 /* ViewController.m in Sources */ = {isa = PBXBuildFile; fileRef = 69A5985C1520844000BDA150 /* ViewController.m */; };
		69A598651520844000BDA150 /* SenTestingKit.framework in Frameworks */ = {isa = PBXBuildFile; fileRef = 69A598641520844000BDA150 /* SenTestingKit.framework */; };
		69A598661520844000BDA150 /* UIKit.framework in Frameworks */ = {isa = PBXBuildFile; fileRef = 69A598461520843F00BDA150 /* UIKit.framework */; };
		69A598671520844000BDA150 /* Foundation.framework in Frameworks */ = {isa = PBXBuildFile; fileRef = 69A598481520843F00BDA150 /* Foundation.framework */; };
		69A5986F1520844000BDA150 /* InfoPlist.strings in Resources */ = {isa = PBXBuildFile; fileRef = 69A5986D1520844000BDA150 /* InfoPlist.strings */; };
		69A598721520844000BDA150 /* Eric_Test_CTCCA_ProjectTests.m in Sources */ = {isa = PBXBuildFile; fileRef = 69A598711520844000BDA150 /* Eric_Test_CTCCA_ProjectTests.m */; };
		69A6B0431552A495005B2A85 /* Accomodation.png in Resources */ = {isa = PBXBuildFile; fileRef = 69A6B03E1552A495005B2A85 /* Accomodation.png */; };
		69A6B0441552A495005B2A85 /* Entertainment.png in Resources */ = {isa = PBXBuildFile; fileRef = 69A6B03F1552A495005B2A85 /* Entertainment.png */; };
		69A6B0451552A495005B2A85 /* Familyfun.png in Resources */ = {isa = PBXBuildFile; fileRef = 69A6B0401552A495005B2A85 /* Familyfun.png */; };
		69A6B0461552A495005B2A85 /* OutdoorandNature.png in Resources */ = {isa = PBXBuildFile; fileRef = 69A6B0411552A495005B2A85 /* OutdoorandNature.png */; };
		69A6B0471552A495005B2A85 /* Sports.png in Resources */ = {isa = PBXBuildFile; fileRef = 69A6B0421552A495005B2A85 /* Sports.png */; };
		69A6B0491552A4D5005B2A85 /* FoodandWine.png in Resources */ = {isa = PBXBuildFile; fileRef = 69A6B0481552A4D5005B2A85 /* FoodandWine.png */; };
		69A6B0501552AD37005B2A85 /* AroundMe.png in Resources */ = {isa = PBXBuildFile; fileRef = 69A6B04A1552AD36005B2A85 /* AroundMe.png */; };
		69A6B0511552AD37005B2A85 /* Blabber.png in Resources */ = {isa = PBXBuildFile; fileRef = 69A6B04B1552AD36005B2A85 /* Blabber.png */; };
		69A6B0521552AD37005B2A85 /* Explore.png in Resources */ = {isa = PBXBuildFile; fileRef = 69A6B04C1552AD36005B2A85 /* Explore.png */; };
		69A6B0531552AD37005B2A85 /* Happenings.png in Resources */ = {isa = PBXBuildFile; fileRef = 69A6B04D1552AD36005B2A85 /* Happenings.png */; };
		69A6B0541552AD37005B2A85 /* Jaunts.png in Resources */ = {isa = PBXBuildFile; fileRef = 69A6B04E1552AD36005B2A85 /* Jaunts.png */; };
		69A6B0551552AD37005B2A85 /* SpinWheel.png in Resources */ = {isa = PBXBuildFile; fileRef = 69A6B04F1552AD37005B2A85 /* SpinWheel.png */; };
		69A6B0571552AE3E005B2A85 /* FavouritesButton(Listings).png in Resources */ = {isa = PBXBuildFile; fileRef = 69A6B0561552AE3E005B2A85 /* FavouritesButton(Listings).png */; };
		69A6B0591552AE49005B2A85 /* TabHeartIt.png in Resources */ = {isa = PBXBuildFile; fileRef = 69A6B0581552AE49005B2A85 /* TabHeartIt.png */; };
		69A6B05B1552AE57005B2A85 /* ToursAdd.png in Resources */ = {isa = PBXBuildFile; fileRef = 69A6B05A1552AE57005B2A85 /* ToursAdd.png */; };
		69A6B05E1552D7C8005B2A85 /* PickerViewController.m in Sources */ = {isa = PBXBuildFile; fileRef = 69A6B05D1552D7C8005B2A85 /* PickerViewController.m */; };
		69B00DAC15551E3E006F8898 /* BrandingLogo.png in Resources */ = {isa = PBXBuildFile; fileRef = 69B00DAB15551E3E006F8898 /* BrandingLogo.png */; };
		69B00DAF1555235E006F8898 /* splash.png in Resources */ = {isa = PBXBuildFile; fileRef = 69B00DAE1555235E006F8898 /* splash.png */; };
		69B00DB5155526D3006F8898 /* Default.png in Resources */ = {isa = PBXBuildFile; fileRef = 69B00DB215552509006F8898 /* Default.png */; };
		69B00DB71555519D006F8898 /* MapFlip.png in Resources */ = {isa = PBXBuildFile; fileRef = 69B00DB61555519D006F8898 /* MapFlip.png */; };
		69B00DB9155551A5006F8898 /* ListingFlip.png in Resources */ = {isa = PBXBuildFile; fileRef = 69B00DB8155551A5006F8898 /* ListingFlip.png */; };
		69B00DBB15555236006F8898 /* 29-heart.png in Resources */ = {isa = PBXBuildFile; fileRef = 69B00DBA15555236006F8898 /* 29-heart.png */; };
		69BA0241153AB0A4009B11BD /* 172-pricetag.png in Resources */ = {isa = PBXBuildFile; fileRef = 69BA0240153AB0A4009B11BD /* 172-pricetag.png */; };
		69BA0243153AB123009B11BD /* 78-stopwatch.png in Resources */ = {isa = PBXBuildFile; fileRef = 69BA0242153AB123009B11BD /* 78-stopwatch.png */; };
		69BA0249153BF19F009B11BD /* ExploreFilterViewController.m in Sources */ = {isa = PBXBuildFile; fileRef = 69BA0248153BF19F009B11BD /* ExploreFilterViewController.m */; };
		69C877AE1621D13600A96963 /* BlabberImageViewController.m in Sources */ = {isa = PBXBuildFile; fileRef = 69C877AD1621D13600A96963 /* BlabberImageViewController.m */; };
		69C877B21621E55F00A96963 /* BlabberViewController.m in Sources */ = {isa = PBXBuildFile; fileRef = 69C877B11621E55F00A96963 /* BlabberViewController.m */; };
		69FA8EB6153A7B350036D267 /* Arrow-Right.png in Resources */ = {isa = PBXBuildFile; fileRef = 69FA8EB5153A7B350036D267 /* Arrow-Right.png */; };
		69FA8EB8153A7B3A0036D267 /* Arrow-Left.png in Resources */ = {isa = PBXBuildFile; fileRef = 69FA8EB7153A7B390036D267 /* Arrow-Left.png */; };
		69FAAD071536FC23006441FE /* QuartzCore.framework in Frameworks */ = {isa = PBXBuildFile; fileRef = 69FAAD061536FC23006441FE /* QuartzCore.framework */; };
		69FAAD1A153705F8006441FE /* ExploreScrollViewPagingController.m in Sources */ = {isa = PBXBuildFile; fileRef = 69FAAD17153705F8006441FE /* ExploreScrollViewPagingController.m */; };
		9CA13A91161D31FE001A7DB1 /* News.m in Sources */ = {isa = PBXBuildFile; fileRef = 9CA13A90161D31FE001A7DB1 /* News.m */; };
		9CA13AA3161D4FC5001A7DB1 /* NewsString.m in Sources */ = {isa = PBXBuildFile; fileRef = 9CA13AA2161D4FC5001A7DB1 /* NewsString.m */; };
/* End PBXBuildFile section */

/* Begin PBXContainerItemProxy section */
		69A598681520844000BDA150 /* PBXContainerItemProxy */ = {
			isa = PBXContainerItemProxy;
			containerPortal = 69A598391520843F00BDA150 /* Project object */;
			proxyType = 1;
			remoteGlobalIDString = 69A598411520843F00BDA150;
			remoteInfo = "Eric Test CTCCA Project";
		};
/* End PBXContainerItemProxy section */

/* Begin PBXFileReference section */
		690CB7171540226000C729C0 /* 83-calendar.png */ = {isa = PBXFileReference; lastKnownFileType = image.png; path = "83-calendar.png"; sourceTree = "<group>"; };
		690CB719154022B600C729C0 /* EventKit.framework */ = {isa = PBXFileReference; lastKnownFileType = wrapper.framework; name = EventKit.framework; path = System/Library/Frameworks/EventKit.framework; sourceTree = SDKROOT; };
		690CB71B154022BC00C729C0 /* EventKitUI.framework */ = {isa = PBXFileReference; lastKnownFileType = wrapper.framework; name = EventKitUI.framework; path = System/Library/Frameworks/EventKitUI.framework; sourceTree = SDKROOT; };
		690CB71F1540433B00C729C0 /* 08-chat.png */ = {isa = PBXFileReference; lastKnownFileType = image.png; path = "08-chat.png"; sourceTree = "<group>"; };
		690CB7211540436800C729C0 /* 112-group.png */ = {isa = PBXFileReference; lastKnownFileType = image.png; path = "112-group.png"; sourceTree = "<group>"; };
		690CB7231540437800C729C0 /* 28-star.png */ = {isa = PBXFileReference; lastKnownFileType = image.png; path = "28-star.png"; sourceTree = "<group>"; };
		690CB72515411EE300C729C0 /* 70-tv.png */ = {isa = PBXFileReference; lastKnownFileType = image.png; path = "70-tv.png"; sourceTree = "<group>"; };
		690CB7271541282400C729C0 /* ListingWebViewController.h */ = {isa = PBXFileReference; fileEncoding = 4; lastKnownFileType = sourcecode.c.h; path = ListingWebViewController.h; sourceTree = "<group>"; };
		690CB7281541282400C729C0 /* ListingWebViewController.m */ = {isa = PBXFileReference; fileEncoding = 4; lastKnownFileType = sourcecode.c.objc; path = ListingWebViewController.m; sourceTree = "<group>"; };
		691E27A0154E339900099065 /* Subscribe.h */ = {isa = PBXFileReference; fileEncoding = 4; lastKnownFileType = sourcecode.c.h; path = Subscribe.h; sourceTree = "<group>"; };
		691E27A1154E339900099065 /* Subscribe.m */ = {isa = PBXFileReference; fileEncoding = 4; lastKnownFileType = sourcecode.c.objc; path = Subscribe.m; sourceTree = "<group>"; };
		6927A1661527E27F00667A7F /* MapKit.framework */ = {isa = PBXFileReference; lastKnownFileType = wrapper.framework; name = MapKit.framework; path = System/Library/Frameworks/MapKit.framework; sourceTree = SDKROOT; };
		6927A17115286D7D00667A7F /* 73-radar.png */ = {isa = PBXFileReference; lastKnownFileType = image.png; name = "73-radar.png"; path = "../../../Downloads/glyphish-icons/icons/73-radar.png"; sourceTree = "<group>"; };
		6927A17315286DD400667A7F /* 179-notepad.png */ = {isa = PBXFileReference; lastKnownFileType = image.png; name = "179-notepad.png"; path = "../../../Downloads/glyphish-icons/icons/179-notepad.png"; sourceTree = "<group>"; };
		692C16D5161D7C36006063AD /* news.xml */ = {isa = PBXFileReference; fileEncoding = 4; lastKnownFileType = text.xml; path = news.xml; sourceTree = "<group>"; };
		692C16DB161E8E6F006063AD /* Default-568h@2x.png */ = {isa = PBXFileReference; lastKnownFileType = image.png; path = "Default-568h@2x.png"; sourceTree = "<group>"; };
		692C16E2161FE622006063AD /* lock.png */ = {isa = PBXFileReference; lastKnownFileType = image.png; path = lock.png; sourceTree = "<group>"; };
		692C16E3161FE622006063AD /* unlock.png */ = {isa = PBXFileReference; lastKnownFileType = image.png; path = unlock.png; sourceTree = "<group>"; };
		692C16EB1620091C006063AD /* arrow_icon.png */ = {isa = PBXFileReference; lastKnownFileType = image.png; path = arrow_icon.png; sourceTree = "<group>"; };
		692C17001621248B006063AD /* button.png */ = {isa = PBXFileReference; lastKnownFileType = image.png; path = button.png; sourceTree = "<group>"; };
		692C170D162148D2006063AD /* IconDownloader.h */ = {isa = PBXFileReference; fileEncoding = 4; lastKnownFileType = sourcecode.c.h; path = IconDownloader.h; sourceTree = "<group>"; };
		692C170E162148D2006063AD /* IconDownloader.m */ = {isa = PBXFileReference; fileEncoding = 4; lastKnownFileType = sourcecode.c.objc; path = IconDownloader.m; sourceTree = "<group>"; };
		692C171116215027006063AD /* Placeholder.png */ = {isa = PBXFileReference; lastKnownFileType = image.png; path = Placeholder.png; sourceTree = "<group>"; };
		6940CD51154E585E004A6D70 /* SaveToFavorites.h */ = {isa = PBXFileReference; fileEncoding = 4; lastKnownFileType = sourcecode.c.h; path = SaveToFavorites.h; sourceTree = "<group>"; };
		6940CD52154E585E004A6D70 /* SaveToFavorites.m */ = {isa = PBXFileReference; fileEncoding = 4; lastKnownFileType = sourcecode.c.objc; path = SaveToFavorites.m; sourceTree = "<group>"; };
		6940CD54154E5DD2004A6D70 /* FavoritesViewController.h */ = {isa = PBXFileReference; fileEncoding = 4; lastKnownFileType = sourcecode.c.h; path = FavoritesViewController.h; sourceTree = "<group>"; };
		6940CD55154E5DD2004A6D70 /* FavoritesViewController.m */ = {isa = PBXFileReference; fileEncoding = 4; lastKnownFileType = sourcecode.c.objc; path = FavoritesViewController.m; sourceTree = "<group>"; };
		6940CD64154E6249004A6D70 /* SearchArray.h */ = {isa = PBXFileReference; fileEncoding = 4; lastKnownFileType = sourcecode.c.h; path = SearchArray.h; sourceTree = "<group>"; };
		6940CD65154E6249004A6D70 /* SearchArray.m */ = {isa = PBXFileReference; fileEncoding = 4; lastKnownFileType = sourcecode.c.objc; path = SearchArray.m; sourceTree = "<group>"; };
		6940CD67154E62B3004A6D70 /* GenerateFavoritesString.h */ = {isa = PBXFileReference; fileEncoding = 4; lastKnownFileType = sourcecode.c.h; path = GenerateFavoritesString.h; sourceTree = "<group>"; };
		6940CD68154E62B3004A6D70 /* GenerateFavoritesString.m */ = {isa = PBXFileReference; fileEncoding = 4; lastKnownFileType = sourcecode.c.objc; path = GenerateFavoritesString.m; sourceTree = "<group>"; };
		6940CD6E154E6660004A6D70 /* SignUpCheck.h */ = {isa = PBXFileReference; fileEncoding = 4; lastKnownFileType = sourcecode.c.h; path = SignUpCheck.h; sourceTree = "<group>"; };
		6940CD6F154E6660004A6D70 /* SignUpCheck.m */ = {isa = PBXFileReference; fileEncoding = 4; lastKnownFileType = sourcecode.c.objc; path = SignUpCheck.m; sourceTree = "<group>"; };
		6940CD74154E6C0D004A6D70 /* NavigationViewController.h */ = {isa = PBXFileReference; fileEncoding = 4; lastKnownFileType = sourcecode.c.h; path = NavigationViewController.h; sourceTree = "<group>"; };
		6940CD75154E6C0D004A6D70 /* NavigationViewController.m */ = {isa = PBXFileReference; fileEncoding = 4; lastKnownFileType = sourcecode.c.objc; path = NavigationViewController.m; sourceTree = "<group>"; };
		6940CD77154E6DD1004A6D70 /* RecordSignup.h */ = {isa = PBXFileReference; fileEncoding = 4; lastKnownFileType = sourcecode.c.h; path = RecordSignup.h; sourceTree = "<group>"; };
		6940CD78154E6DD1004A6D70 /* RecordSignup.m */ = {isa = PBXFileReference; fileEncoding = 4; lastKnownFileType = sourcecode.c.objc; path = RecordSignup.m; sourceTree = "<group>"; };
		6940CD80154FEC28004A6D70 /* AroundMe.php.xml */ = {isa = PBXFileReference; fileEncoding = 4; lastKnownFileType = text.xml; path = AroundMe.php.xml; sourceTree = "<group>"; };
		6940CD8615501655004A6D70 /* ExploreXMLParser.h */ = {isa = PBXFileReference; fileEncoding = 4; lastKnownFileType = sourcecode.c.h; path = ExploreXMLParser.h; sourceTree = "<group>"; };
		6940CD8715501655004A6D70 /* ExploreXMLParser.m */ = {isa = PBXFileReference; fileEncoding = 4; lastKnownFileType = sourcecode.c.objc; path = ExploreXMLParser.m; sourceTree = "<group>"; };
		6940CD8915502E10004A6D70 /* AreaXMLParser.h */ = {isa = PBXFileReference; fileEncoding = 4; lastKnownFileType = sourcecode.c.h; path = AreaXMLParser.h; sourceTree = "<group>"; };
		6940CD8A15502E10004A6D70 /* AreaXMLParser.m */ = {isa = PBXFileReference; fileEncoding = 4; lastKnownFileType = sourcecode.c.objc; path = AreaXMLParser.m; sourceTree = "<group>"; };
		6940CD8C15502E59004A6D70 /* AreaClassString.h */ = {isa = PBXFileReference; fileEncoding = 4; lastKnownFileType = sourcecode.c.h; path = AreaClassString.h; sourceTree = "<group>"; };
		6940CD8D15502E59004A6D70 /* AreaClassString.m */ = {isa = PBXFileReference; fileEncoding = 4; lastKnownFileType = sourcecode.c.objc; path = AreaClassString.m; sourceTree = "<group>"; };
		69530E0F1535906800B6FB5E /* TourMapListViewController.h */ = {isa = PBXFileReference; fileEncoding = 4; lastKnownFileType = sourcecode.c.h; path = TourMapListViewController.h; sourceTree = "<group>"; };
		69530E101535906800B6FB5E /* TourMapListViewController.m */ = {isa = PBXFileReference; fileEncoding = 4; lastKnownFileType = sourcecode.c.objc; path = TourMapListViewController.m; sourceTree = "<group>"; };
		696112E015301E110069E336 /* AroundMeMapListViewController.h */ = {isa = PBXFileReference; fileEncoding = 4; lastKnownFileType = sourcecode.c.h; path = AroundMeMapListViewController.h; sourceTree = "<group>"; };
		696112E115301E110069E336 /* AroundMeMapListViewController.m */ = {isa = PBXFileReference; fileEncoding = 4; lastKnownFileType = sourcecode.c.objc; path = AroundMeMapListViewController.m; sourceTree = "<group>"; };
		696112EC1531710F0069E336 /* CoreLocation.framework */ = {isa = PBXFileReference; lastKnownFileType = wrapper.framework; name = CoreLocation.framework; path = System/Library/Frameworks/CoreLocation.framework; sourceTree = SDKROOT; };
		6969E6DC153C0E3600FCCF84 /* ListingViewController.h */ = {isa = PBXFileReference; fileEncoding = 4; lastKnownFileType = sourcecode.c.h; path = ListingViewController.h; sourceTree = "<group>"; };
		6969E6DD153C0E3600FCCF84 /* ListingViewController.m */ = {isa = PBXFileReference; fileEncoding = 4; lastKnownFileType = sourcecode.c.objc; path = ListingViewController.m; sourceTree = "<group>"; };
		6987B03416060B7D00CA4F3E /* dotted-pattern.png */ = {isa = PBXFileReference; lastKnownFileType = image.png; path = "dotted-pattern.png"; sourceTree = "<group>"; };
		6987B03516060B7D00CA4F3E /* dotted-pattern@2x.png */ = {isa = PBXFileReference; lastKnownFileType = image.png; path = "dotted-pattern@2x.png"; sourceTree = "<group>"; };
		6987B03616060B7D00CA4F3E /* inner-shadow.png */ = {isa = PBXFileReference; lastKnownFileType = image.png; path = "inner-shadow.png"; sourceTree = "<group>"; };
		6987B03F16060B7D00CA4F3E /* star-hollow.png */ = {isa = PBXFileReference; lastKnownFileType = image.png; path = "star-hollow.png"; sourceTree = "<group>"; };
		6987B04016060B7D00CA4F3E /* star-hollow@2x.png */ = {isa = PBXFileReference; lastKnownFileType = image.png; path = "star-hollow@2x.png"; sourceTree = "<group>"; };
		6987B05F16060C2600CA4F3E /* SideSwipeTableViewCell.h */ = {isa = PBXFileReference; fileEncoding = 4; lastKnownFileType = sourcecode.c.h; path = SideSwipeTableViewCell.h; sourceTree = "<group>"; };
		6987B06016060C2600CA4F3E /* SideSwipeTableViewCell.m */ = {isa = PBXFileReference; fileEncoding = 4; lastKnownFileType = sourcecode.c.objc; path = SideSwipeTableViewCell.m; sourceTree = "<group>"; };
		6987F5DD161D195700646BC1 /* Favourites.xml */ = {isa = PBXFileReference; fileEncoding = 4; lastKnownFileType = text.xml; path = Favourites.xml; sourceTree = "<group>"; };
		699534C0153C45DD005EAACE /* EventFilterViewController.h */ = {isa = PBXFileReference; fileEncoding = 4; lastKnownFileType = sourcecode.c.h; path = EventFilterViewController.h; sourceTree = "<group>"; };
		699534C1153C45DD005EAACE /* EventFilterViewController.m */ = {isa = PBXFileReference; fileEncoding = 4; lastKnownFileType = sourcecode.c.objc; path = EventFilterViewController.m; sourceTree = "<group>"; };
		699B92E51545481B005A9C5B /* HomePageViewController.h */ = {isa = PBXFileReference; fileEncoding = 4; lastKnownFileType = sourcecode.c.h; path = HomePageViewController.h; sourceTree = "<group>"; };
		699B92E61545481B005A9C5B /* HomePageViewController.m */ = {isa = PBXFileReference; fileEncoding = 4; lastKnownFileType = sourcecode.c.objc; path = HomePageViewController.m; sourceTree = "<group>"; };
		699B930F154817BE005A9C5B /* TourMapListRouteViewController.h */ = {isa = PBXFileReference; fileEncoding = 4; lastKnownFileType = sourcecode.c.h; path = TourMapListRouteViewController.h; sourceTree = "<group>"; };
		699B9310154817BE005A9C5B /* TourMapListRouteViewController.m */ = {isa = PBXFileReference; fileEncoding = 4; lastKnownFileType = sourcecode.c.objc; path = TourMapListRouteViewController.m; sourceTree = "<group>"; };
		699B93161548202C005A9C5B /* BlabberStoryViewController.h */ = {isa = PBXFileReference; fileEncoding = 4; lastKnownFileType = sourcecode.c.h; path = BlabberStoryViewController.h; sourceTree = "<group>"; };
		699B93171548202C005A9C5B /* BlabberStoryViewController.m */ = {isa = PBXFileReference; fileEncoding = 4; lastKnownFileType = sourcecode.c.objc; path = BlabberStoryViewController.m; sourceTree = "<group>"; };
		699B931A15482521005A9C5B /* MainTypeClass.h */ = {isa = PBXFileReference; fileEncoding = 4; lastKnownFileType = sourcecode.c.h; path = MainTypeClass.h; sourceTree = "<group>"; };
		699B931B15482521005A9C5B /* MainTypeClass.m */ = {isa = PBXFileReference; fileEncoding = 4; lastKnownFileType = sourcecode.c.objc; path = MainTypeClass.m; sourceTree = "<group>"; };
		699B932C154957B7005A9C5B /* AreaClass.h */ = {isa = PBXFileReference; fileEncoding = 4; lastKnownFileType = sourcecode.c.h; path = AreaClass.h; sourceTree = "<group>"; };
		699B932D154957B7005A9C5B /* AreaClass.m */ = {isa = PBXFileReference; fileEncoding = 4; lastKnownFileType = sourcecode.c.objc; path = AreaClass.m; sourceTree = "<group>"; };
		699B932F15496610005A9C5B /* Listing.h */ = {isa = PBXFileReference; fileEncoding = 4; lastKnownFileType = sourcecode.c.h; path = Listing.h; sourceTree = "<group>"; };
		699B933015496610005A9C5B /* Listing.m */ = {isa = PBXFileReference; fileEncoding = 4; lastKnownFileType = sourcecode.c.objc; path = Listing.m; sourceTree = "<group>"; };
		69A34813154D791E00F7FF2F /* ListingString.h */ = {isa = PBXFileReference; fileEncoding = 4; lastKnownFileType = sourcecode.c.h; path = ListingString.h; sourceTree = "<group>"; };
		69A34814154D791E00F7FF2F /* ListingString.m */ = {isa = PBXFileReference; fileEncoding = 4; lastKnownFileType = sourcecode.c.objc; path = ListingString.m; sourceTree = "<group>"; };
		69A598421520843F00BDA150 /* Eric Test CTCCA Project.app */ = {isa = PBXFileReference; explicitFileType = wrapper.application; includeInIndex = 0; path = "Eric Test CTCCA Project.app"; sourceTree = BUILT_PRODUCTS_DIR; };
		69A598461520843F00BDA150 /* UIKit.framework */ = {isa = PBXFileReference; lastKnownFileType = wrapper.framework; name = UIKit.framework; path = System/Library/Frameworks/UIKit.framework; sourceTree = SDKROOT; };
		69A598481520843F00BDA150 /* Foundation.framework */ = {isa = PBXFileReference; lastKnownFileType = wrapper.framework; name = Foundation.framework; path = System/Library/Frameworks/Foundation.framework; sourceTree = SDKROOT; };
		69A5984A1520843F00BDA150 /* CoreGraphics.framework */ = {isa = PBXFileReference; lastKnownFileType = wrapper.framework; name = CoreGraphics.framework; path = System/Library/Frameworks/CoreGraphics.framework; sourceTree = SDKROOT; };
		69A5984E1520843F00BDA150 /* Eric Test CTCCA Project-Info.plist */ = {isa = PBXFileReference; lastKnownFileType = text.plist.xml; path = "Eric Test CTCCA Project-Info.plist"; sourceTree = "<group>"; };
		69A598501520843F00BDA150 /* en */ = {isa = PBXFileReference; lastKnownFileType = text.plist.strings; name = en; path = en.lproj/InfoPlist.strings; sourceTree = "<group>"; };
		69A598521520843F00BDA150 /* main.m */ = {isa = PBXFileReference; lastKnownFileType = sourcecode.c.objc; path = main.m; sourceTree = "<group>"; };
		69A598541520844000BDA150 /* Eric Test CTCCA Project-Prefix.pch */ = {isa = PBXFileReference; lastKnownFileType = sourcecode.c.h; path = "Eric Test CTCCA Project-Prefix.pch"; sourceTree = "<group>"; };
		69A598551520844000BDA150 /* AppDelegate.h */ = {isa = PBXFileReference; lastKnownFileType = sourcecode.c.h; path = AppDelegate.h; sourceTree = "<group>"; };
		69A598561520844000BDA150 /* AppDelegate.m */ = {isa = PBXFileReference; lastKnownFileType = sourcecode.c.objc; path = AppDelegate.m; sourceTree = "<group>"; };
		69A598591520844000BDA150 /* en */ = {isa = PBXFileReference; lastKnownFileType = file.storyboard; name = en; path = en.lproj/MainStoryboard.storyboard; sourceTree = "<group>"; };
		69A5985B1520844000BDA150 /* ViewController.h */ = {isa = PBXFileReference; lastKnownFileType = sourcecode.c.h; path = ViewController.h; sourceTree = "<group>"; };
		69A5985C1520844000BDA150 /* ViewController.m */ = {isa = PBXFileReference; lastKnownFileType = sourcecode.c.objc; path = ViewController.m; sourceTree = "<group>"; };
		69A598631520844000BDA150 /* Eric Test CTCCA ProjectTests.octest */ = {isa = PBXFileReference; explicitFileType = wrapper.cfbundle; includeInIndex = 0; path = "Eric Test CTCCA ProjectTests.octest"; sourceTree = BUILT_PRODUCTS_DIR; };
		69A598641520844000BDA150 /* SenTestingKit.framework */ = {isa = PBXFileReference; lastKnownFileType = wrapper.framework; name = SenTestingKit.framework; path = Library/Frameworks/SenTestingKit.framework; sourceTree = DEVELOPER_DIR; };
		69A5986C1520844000BDA150 /* Eric Test CTCCA ProjectTests-Info.plist */ = {isa = PBXFileReference; lastKnownFileType = text.plist.xml; path = "Eric Test CTCCA ProjectTests-Info.plist"; sourceTree = "<group>"; };
		69A5986E1520844000BDA150 /* en */ = {isa = PBXFileReference; lastKnownFileType = text.plist.strings; name = en; path = en.lproj/InfoPlist.strings; sourceTree = "<group>"; };
		69A598701520844000BDA150 /* Eric_Test_CTCCA_ProjectTests.h */ = {isa = PBXFileReference; lastKnownFileType = sourcecode.c.h; path = Eric_Test_CTCCA_ProjectTests.h; sourceTree = "<group>"; };
		69A598711520844000BDA150 /* Eric_Test_CTCCA_ProjectTests.m */ = {isa = PBXFileReference; lastKnownFileType = sourcecode.c.objc; path = Eric_Test_CTCCA_ProjectTests.m; sourceTree = "<group>"; };
		69A6B03E1552A495005B2A85 /* Accomodation.png */ = {isa = PBXFileReference; lastKnownFileType = image.png; path = Accomodation.png; sourceTree = "<group>"; };
		69A6B03F1552A495005B2A85 /* Entertainment.png */ = {isa = PBXFileReference; lastKnownFileType = image.png; path = Entertainment.png; sourceTree = "<group>"; };
		69A6B0401552A495005B2A85 /* Familyfun.png */ = {isa = PBXFileReference; lastKnownFileType = image.png; path = Familyfun.png; sourceTree = "<group>"; };
		69A6B0411552A495005B2A85 /* OutdoorandNature.png */ = {isa = PBXFileReference; lastKnownFileType = image.png; path = OutdoorandNature.png; sourceTree = "<group>"; };
		69A6B0421552A495005B2A85 /* Sports.png */ = {isa = PBXFileReference; lastKnownFileType = image.png; path = Sports.png; sourceTree = "<group>"; };
		69A6B0481552A4D5005B2A85 /* FoodandWine.png */ = {isa = PBXFileReference; lastKnownFileType = image.png; path = FoodandWine.png; sourceTree = "<group>"; };
		69A6B04A1552AD36005B2A85 /* AroundMe.png */ = {isa = PBXFileReference; lastKnownFileType = image.png; path = AroundMe.png; sourceTree = "<group>"; };
		69A6B04B1552AD36005B2A85 /* Blabber.png */ = {isa = PBXFileReference; lastKnownFileType = image.png; path = Blabber.png; sourceTree = "<group>"; };
		69A6B04C1552AD36005B2A85 /* Explore.png */ = {isa = PBXFileReference; lastKnownFileType = image.png; path = Explore.png; sourceTree = "<group>"; };
		69A6B04D1552AD36005B2A85 /* Happenings.png */ = {isa = PBXFileReference; lastKnownFileType = image.png; path = Happenings.png; sourceTree = "<group>"; };
		69A6B04E1552AD36005B2A85 /* Jaunts.png */ = {isa = PBXFileReference; lastKnownFileType = image.png; path = Jaunts.png; sourceTree = "<group>"; };
		69A6B04F1552AD37005B2A85 /* SpinWheel.png */ = {isa = PBXFileReference; lastKnownFileType = image.png; path = SpinWheel.png; sourceTree = "<group>"; };
		69A6B0561552AE3E005B2A85 /* FavouritesButton(Listings).png */ = {isa = PBXFileReference; lastKnownFileType = image.png; path = "FavouritesButton(Listings).png"; sourceTree = "<group>"; };
		69A6B0581552AE49005B2A85 /* TabHeartIt.png */ = {isa = PBXFileReference; lastKnownFileType = image.png; path = TabHeartIt.png; sourceTree = "<group>"; };
		69A6B05A1552AE57005B2A85 /* ToursAdd.png */ = {isa = PBXFileReference; lastKnownFileType = image.png; path = ToursAdd.png; sourceTree = "<group>"; };
		69A6B05C1552D7C8005B2A85 /* PickerViewController.h */ = {isa = PBXFileReference; fileEncoding = 4; lastKnownFileType = sourcecode.c.h; path = PickerViewController.h; sourceTree = "<group>"; };
		69A6B05D1552D7C8005B2A85 /* PickerViewController.m */ = {isa = PBXFileReference; fileEncoding = 4; lastKnownFileType = sourcecode.c.objc; path = PickerViewController.m; sourceTree = "<group>"; };
		69B00DAB15551E3E006F8898 /* BrandingLogo.png */ = {isa = PBXFileReference; lastKnownFileType = image.png; path = BrandingLogo.png; sourceTree = "<group>"; };
		69B00DAE1555235E006F8898 /* splash.png */ = {isa = PBXFileReference; lastKnownFileType = image.png; path = splash.png; sourceTree = "<group>"; };
		69B00DB215552509006F8898 /* Default.png */ = {isa = PBXFileReference; lastKnownFileType = image.png; path = Default.png; sourceTree = "<group>"; };
		69B00DB61555519D006F8898 /* MapFlip.png */ = {isa = PBXFileReference; lastKnownFileType = image.png; path = MapFlip.png; sourceTree = "<group>"; };
		69B00DB8155551A5006F8898 /* ListingFlip.png */ = {isa = PBXFileReference; lastKnownFileType = image.png; path = ListingFlip.png; sourceTree = "<group>"; };
		69B00DBA15555236006F8898 /* 29-heart.png */ = {isa = PBXFileReference; lastKnownFileType = image.png; path = "29-heart.png"; sourceTree = "<group>"; };
		69BA0240153AB0A4009B11BD /* 172-pricetag.png */ = {isa = PBXFileReference; lastKnownFileType = image.png; path = "172-pricetag.png"; sourceTree = "<group>"; };
		69BA0242153AB123009B11BD /* 78-stopwatch.png */ = {isa = PBXFileReference; lastKnownFileType = image.png; path = "78-stopwatch.png"; sourceTree = "<group>"; };
		69BA0247153BF19F009B11BD /* ExploreFilterViewController.h */ = {isa = PBXFileReference; fileEncoding = 4; lastKnownFileType = sourcecode.c.h; path = ExploreFilterViewController.h; sourceTree = "<group>"; };
		69BA0248153BF19F009B11BD /* ExploreFilterViewController.m */ = {isa = PBXFileReference; fileEncoding = 4; lastKnownFileType = sourcecode.c.objc; path = ExploreFilterViewController.m; sourceTree = "<group>"; };
		69C877AC1621D13600A96963 /* BlabberImageViewController.h */ = {isa = PBXFileReference; fileEncoding = 4; lastKnownFileType = sourcecode.c.h; path = BlabberImageViewController.h; sourceTree = "<group>"; };
		69C877AD1621D13600A96963 /* BlabberImageViewController.m */ = {isa = PBXFileReference; fileEncoding = 4; lastKnownFileType = sourcecode.c.objc; path = BlabberImageViewController.m; sourceTree = "<group>"; };
		69C877B01621E55F00A96963 /* BlabberViewController.h */ = {isa = PBXFileReference; fileEncoding = 4; lastKnownFileType = sourcecode.c.h; path = BlabberViewController.h; sourceTree = "<group>"; };
		69C877B11621E55F00A96963 /* BlabberViewController.m */ = {isa = PBXFileReference; fileEncoding = 4; lastKnownFileType = sourcecode.c.objc; path = BlabberViewController.m; sourceTree = "<group>"; };
		69FA8EB5153A7B350036D267 /* Arrow-Right.png */ = {isa = PBXFileReference; lastKnownFileType = image.png; path = "Arrow-Right.png"; sourceTree = "<group>"; };
		69FA8EB7153A7B390036D267 /* Arrow-Left.png */ = {isa = PBXFileReference; lastKnownFileType = image.png; path = "Arrow-Left.png"; sourceTree = "<group>"; };
		69FAAD061536FC23006441FE /* QuartzCore.framework */ = {isa = PBXFileReference; lastKnownFileType = wrapper.framework; name = QuartzCore.framework; path = System/Library/Frameworks/QuartzCore.framework; sourceTree = SDKROOT; };
		69FAAD16153705F8006441FE /* ExploreScrollViewPagingController.h */ = {isa = PBXFileReference; fileEncoding = 4; lastKnownFileType = sourcecode.c.h; path = ExploreScrollViewPagingController.h; sourceTree = "<group>"; };
		69FAAD17153705F8006441FE /* ExploreScrollViewPagingController.m */ = {isa = PBXFileReference; fileEncoding = 4; lastKnownFileType = sourcecode.c.objc; path = ExploreScrollViewPagingController.m; sourceTree = "<group>"; };
		9CA13A8F161D31FE001A7DB1 /* News.h */ = {isa = PBXFileReference; fileEncoding = 4; lastKnownFileType = sourcecode.c.h; path = News.h; sourceTree = "<group>"; };
		9CA13A90161D31FE001A7DB1 /* News.m */ = {isa = PBXFileReference; fileEncoding = 4; lastKnownFileType = sourcecode.c.objc; path = News.m; sourceTree = "<group>"; };
		9CA13AA1161D4FC5001A7DB1 /* NewsString.h */ = {isa = PBXFileReference; fileEncoding = 4; lastKnownFileType = sourcecode.c.h; path = NewsString.h; sourceTree = "<group>"; };
		9CA13AA2161D4FC5001A7DB1 /* NewsString.m */ = {isa = PBXFileReference; fileEncoding = 4; lastKnownFileType = sourcecode.c.objc; path = NewsString.m; sourceTree = "<group>"; };
/* End PBXFileReference section */

/* Begin PBXFrameworksBuildPhase section */
		69A5983F1520843F00BDA150 /* Frameworks */ = {
			isa = PBXFrameworksBuildPhase;
			buildActionMask = 2147483647;
			files = (
				690CB71C154022BC00C729C0 /* EventKitUI.framework in Frameworks */,
				690CB71A154022B600C729C0 /* EventKit.framework in Frameworks */,
				69FAAD071536FC23006441FE /* QuartzCore.framework in Frameworks */,
				696112ED1531710F0069E336 /* CoreLocation.framework in Frameworks */,
				6927A1671527E27F00667A7F /* MapKit.framework in Frameworks */,
				69A598471520843F00BDA150 /* UIKit.framework in Frameworks */,
				69A598491520843F00BDA150 /* Foundation.framework in Frameworks */,
				69A5984B1520843F00BDA150 /* CoreGraphics.framework in Frameworks */,
			);
			runOnlyForDeploymentPostprocessing = 0;
		};
		69A5985F1520844000BDA150 /* Frameworks */ = {
			isa = PBXFrameworksBuildPhase;
			buildActionMask = 2147483647;
			files = (
				69A598651520844000BDA150 /* SenTestingKit.framework in Frameworks */,
				69A598661520844000BDA150 /* UIKit.framework in Frameworks */,
				69A598671520844000BDA150 /* Foundation.framework in Frameworks */,
			);
			runOnlyForDeploymentPostprocessing = 0;
		};
/* End PBXFrameworksBuildPhase section */

/* Begin PBXGroup section */
		691E27B2154E454900099065 /* Favourites */ = {
			isa = PBXGroup;
			children = (
				6987F5DD161D195700646BC1 /* Favourites.xml */,
				6940CD51154E585E004A6D70 /* SaveToFavorites.h */,
				6940CD52154E585E004A6D70 /* SaveToFavorites.m */,
				6940CD54154E5DD2004A6D70 /* FavoritesViewController.h */,
				6940CD55154E5DD2004A6D70 /* FavoritesViewController.m */,
				6940CD64154E6249004A6D70 /* SearchArray.h */,
				6940CD65154E6249004A6D70 /* SearchArray.m */,
				6940CD67154E62B3004A6D70 /* GenerateFavoritesString.h */,
				6940CD68154E62B3004A6D70 /* GenerateFavoritesString.m */,
				6940CD6E154E6660004A6D70 /* SignUpCheck.h */,
				6940CD6F154E6660004A6D70 /* SignUpCheck.m */,
			);
			name = Favourites;
			sourceTree = "<group>";
		};
		691E3E6F1532AECD0004D11B /* ListingClass */ = {
			isa = PBXGroup;
			children = (
				699B932F15496610005A9C5B /* Listing.h */,
				699B933015496610005A9C5B /* Listing.m */,
				69A34813154D791E00F7FF2F /* ListingString.h */,
				69A34814154D791E00F7FF2F /* ListingString.m */,
			);
			name = ListingClass;
			sourceTree = "<group>";
		};
		6927A16C1527FF4800667A7F /* AroundMe */ = {
			isa = PBXGroup;
			children = (
				6940CD80154FEC28004A6D70 /* AroundMe.php.xml */,
				696112E015301E110069E336 /* AroundMeMapListViewController.h */,
				696112E115301E110069E336 /* AroundMeMapListViewController.m */,
			);
			name = AroundMe;
			sourceTree = "<group>";
		};
		6927A17015286CE700667A7F /* Graphics */ = {
			isa = PBXGroup;
			children = (
				692C171116215027006063AD /* Placeholder.png */,
				692C17001621248B006063AD /* button.png */,
				692C16EB1620091C006063AD /* arrow_icon.png */,
				692C16E2161FE622006063AD /* lock.png */,
				692C16E3161FE622006063AD /* unlock.png */,
				69B00DBA15555236006F8898 /* 29-heart.png */,
				69B00DB8155551A5006F8898 /* ListingFlip.png */,
				69B00DB61555519D006F8898 /* MapFlip.png */,
				69A6B05A1552AE57005B2A85 /* ToursAdd.png */,
				69A6B0581552AE49005B2A85 /* TabHeartIt.png */,
				69A6B0561552AE3E005B2A85 /* FavouritesButton(Listings).png */,
				69A6B04A1552AD36005B2A85 /* AroundMe.png */,
				69A6B04B1552AD36005B2A85 /* Blabber.png */,
				69A6B04C1552AD36005B2A85 /* Explore.png */,
				69A6B04D1552AD36005B2A85 /* Happenings.png */,
				69A6B04E1552AD36005B2A85 /* Jaunts.png */,
				69A6B04F1552AD37005B2A85 /* SpinWheel.png */,
				690CB72515411EE300C729C0 /* 70-tv.png */,
				690CB7231540437800C729C0 /* 28-star.png */,
				690CB7211540436800C729C0 /* 112-group.png */,
				690CB71F1540433B00C729C0 /* 08-chat.png */,
				690CB7171540226000C729C0 /* 83-calendar.png */,
				69BA0242153AB123009B11BD /* 78-stopwatch.png */,
				69BA0240153AB0A4009B11BD /* 172-pricetag.png */,
				69FA8EB7153A7B390036D267 /* Arrow-Left.png */,
				69FA8EB5153A7B350036D267 /* Arrow-Right.png */,
				6927A17315286DD400667A7F /* 179-notepad.png */,
				6927A17115286D7D00667A7F /* 73-radar.png */,
			);
			name = Graphics;
			sourceTree = "<group>";
		};
		692C170C162148AF006063AD /* IconDownloader */ = {
			isa = PBXGroup;
			children = (
				692C170D162148D2006063AD /* IconDownloader.h */,
				692C170E162148D2006063AD /* IconDownloader.m */,
			);
			name = IconDownloader;
			sourceTree = "<group>";
		};
		69530E021535807900B6FB5E /* Tours */ = {
			isa = PBXGroup;
			children = (
				69530E0F1535906800B6FB5E /* TourMapListViewController.h */,
				69530E101535906800B6FB5E /* TourMapListViewController.m */,
				699B930F154817BE005A9C5B /* TourMapListRouteViewController.h */,
				699B9310154817BE005A9C5B /* TourMapListRouteViewController.m */,
			);
			name = Tours;
			sourceTree = "<group>";
		};
		6969E6E0153C0E3A00FCCF84 /* Listing */ = {
			isa = PBXGroup;
			children = (
				6969E6DC153C0E3600FCCF84 /* ListingViewController.h */,
				6969E6DD153C0E3600FCCF84 /* ListingViewController.m */,
				690CB7271541282400C729C0 /* ListingWebViewController.h */,
				690CB7281541282400C729C0 /* ListingWebViewController.m */,
			);
			name = Listing;
			sourceTree = "<group>";
		};
		6969E6E1153C0E7A00FCCF84 /* Events */ = {
			isa = PBXGroup;
			children = (
				699534C0153C45DD005EAACE /* EventFilterViewController.h */,
				699534C1153C45DD005EAACE /* EventFilterViewController.m */,
			);
			name = Events;
			sourceTree = "<group>";
		};
		6987B02C16060A7800CA4F3E /* SwipeCell */ = {
			isa = PBXGroup;
			children = (
				6987B05F16060C2600CA4F3E /* SideSwipeTableViewCell.h */,
				6987B06016060C2600CA4F3E /* SideSwipeTableViewCell.m */,
			);
			name = SwipeCell;
			sourceTree = "<group>";
		};
		6987B03116060B4700CA4F3E /* Images */ = {
			isa = PBXGroup;
			children = (
				6987B03416060B7D00CA4F3E /* dotted-pattern.png */,
				6987B03516060B7D00CA4F3E /* dotted-pattern@2x.png */,
				6987B03616060B7D00CA4F3E /* inner-shadow.png */,
				6987B03F16060B7D00CA4F3E /* star-hollow.png */,
				6987B04016060B7D00CA4F3E /* star-hollow@2x.png */,
			);
			name = Images;
			sourceTree = "<group>";
		};
		699B92E415454807005A9C5B /* Home */ = {
			isa = PBXGroup;
			children = (
				699B92E51545481B005A9C5B /* HomePageViewController.h */,
				699B92E61545481B005A9C5B /* HomePageViewController.m */,
				6940CD74154E6C0D004A6D70 /* NavigationViewController.h */,
				6940CD75154E6C0D004A6D70 /* NavigationViewController.m */,
			);
			name = Home;
			sourceTree = "<group>";
		};
		699B931215481FD9005A9C5B /* Blabber */ = {
			isa = PBXGroup;
			children = (
				692C16D5161D7C36006063AD /* news.xml */,
				699B93161548202C005A9C5B /* BlabberStoryViewController.h */,
				699B93171548202C005A9C5B /* BlabberStoryViewController.m */,
				69C877AC1621D13600A96963 /* BlabberImageViewController.h */,
				69C877AD1621D13600A96963 /* BlabberImageViewController.m */,
				69C877B01621E55F00A96963 /* BlabberViewController.h */,
				69C877B11621E55F00A96963 /* BlabberViewController.m */,
			);
			name = Blabber;
			sourceTree = "<group>";
		};
		699B9319154824F7005A9C5B /* MainTypeClass */ = {
			isa = PBXGroup;
			children = (
				699B931A15482521005A9C5B /* MainTypeClass.h */,
				699B931B15482521005A9C5B /* MainTypeClass.m */,
			);
			name = MainTypeClass;
			sourceTree = "<group>";
		};
		699B932915495763005A9C5B /* EntityClasses */ = {
			isa = PBXGroup;
			children = (
				9CA13A8E161D2840001A7DB1 /* NewsClass */,
				699B932B1549578D005A9C5B /* AreaClass */,
				691E3E6F1532AECD0004D11B /* ListingClass */,
				699B9319154824F7005A9C5B /* MainTypeClass */,
			);
			name = EntityClasses;
			sourceTree = "<group>";
		};
		699B932B1549578D005A9C5B /* AreaClass */ = {
			isa = PBXGroup;
			children = (
				699B932C154957B7005A9C5B /* AreaClass.h */,
				699B932D154957B7005A9C5B /* AreaClass.m */,
				6940CD8C15502E59004A6D70 /* AreaClassString.h */,
				6940CD8D15502E59004A6D70 /* AreaClassString.m */,
			);
			name = AreaClass;
			sourceTree = "<group>";
		};
		69A3481E154E2F1400F7FF2F /* Subscribe */ = {
			isa = PBXGroup;
			children = (
				691E27A0154E339900099065 /* Subscribe.h */,
				691E27A1154E339900099065 /* Subscribe.m */,
				6940CD77154E6DD1004A6D70 /* RecordSignup.h */,
				6940CD78154E6DD1004A6D70 /* RecordSignup.m */,
			);
			name = Subscribe;
			sourceTree = "<group>";
		};
		69A34820154E2F2100F7FF2F /* SpinWheel */ = {
			isa = PBXGroup;
			children = (
				69A6B05C1552D7C8005B2A85 /* PickerViewController.h */,
				69A6B05D1552D7C8005B2A85 /* PickerViewController.m */,
			);
			name = SpinWheel;
			sourceTree = "<group>";
		};
		69A598371520843F00BDA150 = {
			isa = PBXGroup;
			children = (
				692C16DB161E8E6F006063AD /* Default-568h@2x.png */,
				69B00DB215552509006F8898 /* Default.png */,
				69A5984C1520843F00BDA150 /* Eric Test CTCCA Project */,
				69A5986A1520844000BDA150 /* Eric Test CTCCA ProjectTests */,
				69A598451520843F00BDA150 /* Frameworks */,
				69A598431520843F00BDA150 /* Products */,
			);
			sourceTree = "<group>";
		};
		69A598431520843F00BDA150 /* Products */ = {
			isa = PBXGroup;
			children = (
				69A598421520843F00BDA150 /* Eric Test CTCCA Project.app */,
				69A598631520844000BDA150 /* Eric Test CTCCA ProjectTests.octest */,
			);
			name = Products;
			sourceTree = "<group>";
		};
		69A598451520843F00BDA150 /* Frameworks */ = {
			isa = PBXGroup;
			children = (
				690CB71B154022BC00C729C0 /* EventKitUI.framework */,
				690CB719154022B600C729C0 /* EventKit.framework */,
				69FAAD061536FC23006441FE /* QuartzCore.framework */,
				696112EC1531710F0069E336 /* CoreLocation.framework */,
				6927A1661527E27F00667A7F /* MapKit.framework */,
				69A598461520843F00BDA150 /* UIKit.framework */,
				69A598481520843F00BDA150 /* Foundation.framework */,
				69A5984A1520843F00BDA150 /* CoreGraphics.framework */,
				69A598641520844000BDA150 /* SenTestingKit.framework */,
			);
			name = Frameworks;
			sourceTree = "<group>";
		};
		69A5984C1520843F00BDA150 /* Eric Test CTCCA Project */ = {
			isa = PBXGroup;
			children = (
				692C170C162148AF006063AD /* IconDownloader */,
				6987B03116060B4700CA4F3E /* Images */,
				6987B02C16060A7800CA4F3E /* SwipeCell */,
				691E27B2154E454900099065 /* Favourites */,
				69A34820154E2F2100F7FF2F /* SpinWheel */,
				69A3481E154E2F1400F7FF2F /* Subscribe */,
				699B932915495763005A9C5B /* EntityClasses */,
				699B931215481FD9005A9C5B /* Blabber */,
				699B92E415454807005A9C5B /* Home */,
				6927A16C1527FF4800667A7F /* AroundMe */,
				69FAACF41536EE96006441FE /* Explore */,
				6969E6E1153C0E7A00FCCF84 /* Events */,
				69530E021535807900B6FB5E /* Tours */,
				6969E6E0153C0E3A00FCCF84 /* Listing */,
				69A598551520844000BDA150 /* AppDelegate.h */,
				69A598561520844000BDA150 /* AppDelegate.m */,
				69A598581520844000BDA150 /* MainStoryboard.storyboard */,
				69A5985B1520844000BDA150 /* ViewController.h */,
				69A5985C1520844000BDA150 /* ViewController.m */,
				69A5984D1520843F00BDA150 /* Supporting Files */,
			);
			path = "Eric Test CTCCA Project";
			sourceTree = "<group>";
		};
		69A5984D1520843F00BDA150 /* Supporting Files */ = {
			isa = PBXGroup;
			children = (
				6927A17015286CE700667A7F /* Graphics */,
				69FAAD1C15370741006441FE /* Images */,
				69A5984E1520843F00BDA150 /* Eric Test CTCCA Project-Info.plist */,
				69A5984F1520843F00BDA150 /* InfoPlist.strings */,
				69A598521520843F00BDA150 /* main.m */,
				69A598541520844000BDA150 /* Eric Test CTCCA Project-Prefix.pch */,
			);
			name = "Supporting Files";
			sourceTree = "<group>";
		};
		69A5986A1520844000BDA150 /* Eric Test CTCCA ProjectTests */ = {
			isa = PBXGroup;
			children = (
				69A598701520844000BDA150 /* Eric_Test_CTCCA_ProjectTests.h */,
				69A598711520844000BDA150 /* Eric_Test_CTCCA_ProjectTests.m */,
				69A5986B1520844000BDA150 /* Supporting Files */,
			);
			path = "Eric Test CTCCA ProjectTests";
			sourceTree = "<group>";
		};
		69A5986B1520844000BDA150 /* Supporting Files */ = {
			isa = PBXGroup;
			children = (
				69A5986C1520844000BDA150 /* Eric Test CTCCA ProjectTests-Info.plist */,
				69A5986D1520844000BDA150 /* InfoPlist.strings */,
			);
			name = "Supporting Files";
			sourceTree = "<group>";
		};
		69FAACF41536EE96006441FE /* Explore */ = {
			isa = PBXGroup;
			children = (
				69FAAD16153705F8006441FE /* ExploreScrollViewPagingController.h */,
				69FAAD17153705F8006441FE /* ExploreScrollViewPagingController.m */,
				69BA0247153BF19F009B11BD /* ExploreFilterViewController.h */,
				69BA0248153BF19F009B11BD /* ExploreFilterViewController.m */,
				6940CD8615501655004A6D70 /* ExploreXMLParser.h */,
				6940CD8715501655004A6D70 /* ExploreXMLParser.m */,
				6940CD8915502E10004A6D70 /* AreaXMLParser.h */,
				6940CD8A15502E10004A6D70 /* AreaXMLParser.m */,
			);
			name = Explore;
			sourceTree = "<group>";
		};
		69FAAD1C15370741006441FE /* Images */ = {
			isa = PBXGroup;
			children = (
				69B00DAE1555235E006F8898 /* splash.png */,
				69B00DAB15551E3E006F8898 /* BrandingLogo.png */,
				69A6B0481552A4D5005B2A85 /* FoodandWine.png */,
				69A6B03E1552A495005B2A85 /* Accomodation.png */,
				69A6B03F1552A495005B2A85 /* Entertainment.png */,
				69A6B0401552A495005B2A85 /* Familyfun.png */,
				69A6B0411552A495005B2A85 /* OutdoorandNature.png */,
				69A6B0421552A495005B2A85 /* Sports.png */,
			);
			name = Images;
			sourceTree = "<group>";
		};
		9CA13A8E161D2840001A7DB1 /* NewsClass */ = {
			isa = PBXGroup;
			children = (
				9CA13A8F161D31FE001A7DB1 /* News.h */,
				9CA13A90161D31FE001A7DB1 /* News.m */,
				9CA13AA1161D4FC5001A7DB1 /* NewsString.h */,
				9CA13AA2161D4FC5001A7DB1 /* NewsString.m */,
			);
			name = NewsClass;
			sourceTree = "<group>";
		};
/* End PBXGroup section */

/* Begin PBXNativeTarget section */
		69A598411520843F00BDA150 /* Eric Test CTCCA Project */ = {
			isa = PBXNativeTarget;
			buildConfigurationList = 69A598751520844000BDA150 /* Build configuration list for PBXNativeTarget "Eric Test CTCCA Project" */;
			buildPhases = (
				69A5983E1520843F00BDA150 /* Sources */,
				69A5983F1520843F00BDA150 /* Frameworks */,
				69A598401520843F00BDA150 /* Resources */,
			);
			buildRules = (
			);
			dependencies = (
			);
			name = "Eric Test CTCCA Project";
			productName = "Eric Test CTCCA Project";
			productReference = 69A598421520843F00BDA150 /* Eric Test CTCCA Project.app */;
			productType = "com.apple.product-type.application";
		};
		69A598621520844000BDA150 /* Eric Test CTCCA ProjectTests */ = {
			isa = PBXNativeTarget;
			buildConfigurationList = 69A598781520844000BDA150 /* Build configuration list for PBXNativeTarget "Eric Test CTCCA ProjectTests" */;
			buildPhases = (
				69A5985E1520844000BDA150 /* Sources */,
				69A5985F1520844000BDA150 /* Frameworks */,
				69A598601520844000BDA150 /* Resources */,
				69A598611520844000BDA150 /* ShellScript */,
			);
			buildRules = (
			);
			dependencies = (
				69A598691520844000BDA150 /* PBXTargetDependency */,
			);
			name = "Eric Test CTCCA ProjectTests";
			productName = "Eric Test CTCCA ProjectTests";
			productReference = 69A598631520844000BDA150 /* Eric Test CTCCA ProjectTests.octest */;
			productType = "com.apple.product-type.bundle";
		};
/* End PBXNativeTarget section */

/* Begin PBXProject section */
		69A598391520843F00BDA150 /* Project object */ = {
			isa = PBXProject;
			attributes = {
				LastUpgradeCheck = 0430;
			};
			buildConfigurationList = 69A5983C1520843F00BDA150 /* Build configuration list for PBXProject "Eric Test CTCCA Project" */;
			compatibilityVersion = "Xcode 3.2";
			developmentRegion = English;
			hasScannedForEncodings = 0;
			knownRegions = (
				en,
			);
			mainGroup = 69A598371520843F00BDA150;
			productRefGroup = 69A598431520843F00BDA150 /* Products */;
			projectDirPath = "";
			projectRoot = "";
			targets = (
				69A598411520843F00BDA150 /* Eric Test CTCCA Project */,
				69A598621520844000BDA150 /* Eric Test CTCCA ProjectTests */,
			);
		};
/* End PBXProject section */

/* Begin PBXResourcesBuildPhase section */
		69A598401520843F00BDA150 /* Resources */ = {
			isa = PBXResourcesBuildPhase;
			buildActionMask = 2147483647;
			files = (
				69A598511520843F00BDA150 /* InfoPlist.strings in Resources */,
				69A5985A1520844000BDA150 /* MainStoryboard.storyboard in Resources */,
				6927A17215286D7D00667A7F /* 73-radar.png in Resources */,
				6927A17415286DD400667A7F /* 179-notepad.png in Resources */,
				69FA8EB6153A7B350036D267 /* Arrow-Right.png in Resources */,
				69FA8EB8153A7B3A0036D267 /* Arrow-Left.png in Resources */,
				69BA0241153AB0A4009B11BD /* 172-pricetag.png in Resources */,
				69BA0243153AB123009B11BD /* 78-stopwatch.png in Resources */,
				690CB7181540226000C729C0 /* 83-calendar.png in Resources */,
				690CB7201540433B00C729C0 /* 08-chat.png in Resources */,
				690CB7221540436800C729C0 /* 112-group.png in Resources */,
				690CB7241540437800C729C0 /* 28-star.png in Resources */,
				690CB72615411EE300C729C0 /* 70-tv.png in Resources */,
				6940CD81154FEC28004A6D70 /* AroundMe.php.xml in Resources */,
				69A6B0431552A495005B2A85 /* Accomodation.png in Resources */,
				69A6B0441552A495005B2A85 /* Entertainment.png in Resources */,
				69A6B0451552A495005B2A85 /* Familyfun.png in Resources */,
				69A6B0461552A495005B2A85 /* OutdoorandNature.png in Resources */,
				69A6B0471552A495005B2A85 /* Sports.png in Resources */,
				69A6B0491552A4D5005B2A85 /* FoodandWine.png in Resources */,
				69A6B0501552AD37005B2A85 /* AroundMe.png in Resources */,
				69A6B0511552AD37005B2A85 /* Blabber.png in Resources */,
				69A6B0521552AD37005B2A85 /* Explore.png in Resources */,
				69A6B0531552AD37005B2A85 /* Happenings.png in Resources */,
				69A6B0541552AD37005B2A85 /* Jaunts.png in Resources */,
				69A6B0551552AD37005B2A85 /* SpinWheel.png in Resources */,
				69A6B0571552AE3E005B2A85 /* FavouritesButton(Listings).png in Resources */,
				69A6B0591552AE49005B2A85 /* TabHeartIt.png in Resources */,
				69A6B05B1552AE57005B2A85 /* ToursAdd.png in Resources */,
				69B00DAC15551E3E006F8898 /* BrandingLogo.png in Resources */,
				69B00DAF1555235E006F8898 /* splash.png in Resources */,
				69B00DB5155526D3006F8898 /* Default.png in Resources */,
				69B00DB71555519D006F8898 /* MapFlip.png in Resources */,
				69B00DB9155551A5006F8898 /* ListingFlip.png in Resources */,
				69B00DBB15555236006F8898 /* 29-heart.png in Resources */,
				6987B04516060B7D00CA4F3E /* dotted-pattern.png in Resources */,
				6987B04716060B7D00CA4F3E /* dotted-pattern@2x.png in Resources */,
				6987B04916060B7D00CA4F3E /* inner-shadow.png in Resources */,
				6987B05B16060B7D00CA4F3E /* star-hollow.png in Resources */,
				6987B05D16060B7D00CA4F3E /* star-hollow@2x.png in Resources */,
				6987F5DE161D195700646BC1 /* Favourites.xml in Resources */,
				692C16D6161D7C36006063AD /* news.xml in Resources */,
				692C16DC161E8E6F006063AD /* Default-568h@2x.png in Resources */,
				692C16E4161FE622006063AD /* lock.png in Resources */,
				692C16E5161FE622006063AD /* unlock.png in Resources */,
				692C16EC1620091C006063AD /* arrow_icon.png in Resources */,
				692C17011621248B006063AD /* button.png in Resources */,
				692C171216215027006063AD /* Placeholder.png in Resources */,
			);
			runOnlyForDeploymentPostprocessing = 0;
		};
		69A598601520844000BDA150 /* Resources */ = {
			isa = PBXResourcesBuildPhase;
			buildActionMask = 2147483647;
			files = (
				69A5986F1520844000BDA150 /* InfoPlist.strings in Resources */,
				6987B04616060B7D00CA4F3E /* dotted-pattern.png in Resources */,
				6987B04816060B7D00CA4F3E /* dotted-pattern@2x.png in Resources */,
				6987B04A16060B7D00CA4F3E /* inner-shadow.png in Resources */,
				6987B05C16060B7D00CA4F3E /* star-hollow.png in Resources */,
				6987B05E16060B7D00CA4F3E /* star-hollow@2x.png in Resources */,
				692C171316215027006063AD /* Placeholder.png in Resources */,
			);
			runOnlyForDeploymentPostprocessing = 0;
		};
/* End PBXResourcesBuildPhase section */

/* Begin PBXShellScriptBuildPhase section */
		69A598611520844000BDA150 /* ShellScript */ = {
			isa = PBXShellScriptBuildPhase;
			buildActionMask = 2147483647;
			files = (
			);
			inputPaths = (
			);
			outputPaths = (
			);
			runOnlyForDeploymentPostprocessing = 0;
			shellPath = /bin/sh;
			shellScript = "# Run the unit tests in this test bundle.\n\"${SYSTEM_DEVELOPER_DIR}/Tools/RunUnitTests\"\n";
		};
/* End PBXShellScriptBuildPhase section */

/* Begin PBXSourcesBuildPhase section */
		69A5983E1520843F00BDA150 /* Sources */ = {
			isa = PBXSourcesBuildPhase;
			buildActionMask = 2147483647;
			files = (
				6987B06216060F1600CA4F3E /* SideSwipeTableViewCell.m in Sources */,
				69A598531520843F00BDA150 /* main.m in Sources */,
				69A598571520844000BDA150 /* AppDelegate.m in Sources */,
				69A5985D1520844000BDA150 /* ViewController.m in Sources */,
				696112E215301E110069E336 /* AroundMeMapListViewController.m in Sources */,
				69530E111535906800B6FB5E /* TourMapListViewController.m in Sources */,
				69FAAD1A153705F8006441FE /* ExploreScrollViewPagingController.m in Sources */,
				69BA0249153BF19F009B11BD /* ExploreFilterViewController.m in Sources */,
				6969E6DE153C0E3600FCCF84 /* ListingViewController.m in Sources */,
				699534C2153C45DD005EAACE /* EventFilterViewController.m in Sources */,
				690CB7291541282400C729C0 /* ListingWebViewController.m in Sources */,
				699B92E71545481B005A9C5B /* HomePageViewController.m in Sources */,
				699B9311154817BE005A9C5B /* TourMapListRouteViewController.m in Sources */,
				699B93181548202C005A9C5B /* BlabberStoryViewController.m in Sources */,
				699B931C15482521005A9C5B /* MainTypeClass.m in Sources */,
				699B932E154957B7005A9C5B /* AreaClass.m in Sources */,
				699B933115496610005A9C5B /* Listing.m in Sources */,
				69A34815154D791E00F7FF2F /* ListingString.m in Sources */,
				691E27A2154E339900099065 /* Subscribe.m in Sources */,
				6940CD53154E585E004A6D70 /* SaveToFavorites.m in Sources */,
				6940CD56154E5DD2004A6D70 /* FavoritesViewController.m in Sources */,
				6940CD66154E6249004A6D70 /* SearchArray.m in Sources */,
				6940CD69154E62B3004A6D70 /* GenerateFavoritesString.m in Sources */,
				6940CD70154E6660004A6D70 /* SignUpCheck.m in Sources */,
				6940CD76154E6C0D004A6D70 /* NavigationViewController.m in Sources */,
				6940CD79154E6DD1004A6D70 /* RecordSignup.m in Sources */,
				6940CD8815501655004A6D70 /* ExploreXMLParser.m in Sources */,
				6940CD8B15502E10004A6D70 /* AreaXMLParser.m in Sources */,
				6940CD8E15502E59004A6D70 /* AreaClassString.m in Sources */,
				69A6B05E1552D7C8005B2A85 /* PickerViewController.m in Sources */,
				9CA13A91161D31FE001A7DB1 /* News.m in Sources */,
				9CA13AA3161D4FC5001A7DB1 /* NewsString.m in Sources */,
				692C170F162148D2006063AD /* IconDownloader.m in Sources */,
				69C877AE1621D13600A96963 /* BlabberImageViewController.m in Sources */,
				69C877B21621E55F00A96963 /* BlabberViewController.m in Sources */,
			);
			runOnlyForDeploymentPostprocessing = 0;
		};
		69A5985E1520844000BDA150 /* Sources */ = {
			isa = PBXSourcesBuildPhase;
			buildActionMask = 2147483647;
			files = (
				69A598721520844000BDA150 /* Eric_Test_CTCCA_ProjectTests.m in Sources */,
				6987B06116060C2600CA4F3E /* SideSwipeTableViewCell.m in Sources */,
				692C1710162148D2006063AD /* IconDownloader.m in Sources */,
			);
			runOnlyForDeploymentPostprocessing = 0;
		};
/* End PBXSourcesBuildPhase section */

/* Begin PBXTargetDependency section */
		69A598691520844000BDA150 /* PBXTargetDependency */ = {
			isa = PBXTargetDependency;
			target = 69A598411520843F00BDA150 /* Eric Test CTCCA Project */;
			targetProxy = 69A598681520844000BDA150 /* PBXContainerItemProxy */;
		};
/* End PBXTargetDependency section */

/* Begin PBXVariantGroup section */
		69A5984F1520843F00BDA150 /* InfoPlist.strings */ = {
			isa = PBXVariantGroup;
			children = (
				69A598501520843F00BDA150 /* en */,
			);
			name = InfoPlist.strings;
			sourceTree = "<group>";
		};
		69A598581520844000BDA150 /* MainStoryboard.storyboard */ = {
			isa = PBXVariantGroup;
			children = (
				69A598591520844000BDA150 /* en */,
			);
			name = MainStoryboard.storyboard;
			sourceTree = "<group>";
		};
		69A5986D1520844000BDA150 /* InfoPlist.strings */ = {
			isa = PBXVariantGroup;
			children = (
				69A5986E1520844000BDA150 /* en */,
			);
			name = InfoPlist.strings;
			sourceTree = "<group>";
		};
/* End PBXVariantGroup section */

/* Begin XCBuildConfiguration section */
		69A598731520844000BDA150 /* Debug */ = {
			isa = XCBuildConfiguration;
			buildSettings = {
				ALWAYS_SEARCH_USER_PATHS = NO;
				ARCHS = "$(ARCHS_STANDARD_32_BIT)";
				CLANG_ENABLE_OBJC_ARC = YES;
				"CODE_SIGN_IDENTITY[sdk=iphoneos*]" = "iPhone Developer";
				COPY_PHASE_STRIP = NO;
				GCC_C_LANGUAGE_STANDARD = gnu99;
				GCC_DYNAMIC_NO_PIC = NO;
				GCC_OPTIMIZATION_LEVEL = 0;
				GCC_PREPROCESSOR_DEFINITIONS = (
					"DEBUG=1",
					"$(inherited)",
				);
				GCC_SYMBOLS_PRIVATE_EXTERN = NO;
				GCC_VERSION = com.apple.compilers.llvm.clang.1_0;
				GCC_WARN_ABOUT_RETURN_TYPE = YES;
				GCC_WARN_UNINITIALIZED_AUTOS = YES;
				GCC_WARN_UNUSED_VARIABLE = YES;
				IPHONEOS_DEPLOYMENT_TARGET = 6.0;
				SDKROOT = iphoneos;
			};
			name = Debug;
		};
		69A598741520844000BDA150 /* Release */ = {
			isa = XCBuildConfiguration;
			buildSettings = {
				ALWAYS_SEARCH_USER_PATHS = NO;
				ARCHS = "$(ARCHS_STANDARD_32_BIT)";
				CLANG_ENABLE_OBJC_ARC = YES;
				"CODE_SIGN_IDENTITY[sdk=iphoneos*]" = "iPhone Developer";
				COPY_PHASE_STRIP = YES;
				GCC_C_LANGUAGE_STANDARD = gnu99;
				GCC_VERSION = com.apple.compilers.llvm.clang.1_0;
				GCC_WARN_ABOUT_RETURN_TYPE = YES;
				GCC_WARN_UNINITIALIZED_AUTOS = YES;
				GCC_WARN_UNUSED_VARIABLE = YES;
				IPHONEOS_DEPLOYMENT_TARGET = 6.0;
				OTHER_CFLAGS = "-DNS_BLOCK_ASSERTIONS=1";
				SDKROOT = iphoneos;
				VALIDATE_PRODUCT = YES;
			};
			name = Release;
		};
		69A598761520844000BDA150 /* Debug */ = {
			isa = XCBuildConfiguration;
			buildSettings = {
				CODE_SIGN_IDENTITY = "";
				"CODE_SIGN_IDENTITY[sdk=iphoneos*]" = "iPhone Developer";
				GCC_PRECOMPILE_PREFIX_HEADER = YES;
				GCC_PREFIX_HEADER = "Eric Test CTCCA Project/Eric Test CTCCA Project-Prefix.pch";
				INFOPLIST_FILE = "Eric Test CTCCA Project/Eric Test CTCCA Project-Info.plist";
				PRODUCT_NAME = "$(TARGET_NAME)";
				"PROVISIONING_PROFILE[sdk=iphoneos*]" = "";
				WRAPPER_EXTENSION = app;
			};
			name = Debug;
		};
		69A598771520844000BDA150 /* Release */ = {
			isa = XCBuildConfiguration;
			buildSettings = {
				CODE_SIGN_IDENTITY = "";
				"CODE_SIGN_IDENTITY[sdk=iphoneos*]" = "iPhone Developer";
				GCC_PRECOMPILE_PREFIX_HEADER = YES;
				GCC_PREFIX_HEADER = "Eric Test CTCCA Project/Eric Test CTCCA Project-Prefix.pch";
				INFOPLIST_FILE = "Eric Test CTCCA Project/Eric Test CTCCA Project-Info.plist";
				PRODUCT_NAME = "$(TARGET_NAME)";
				"PROVISIONING_PROFILE[sdk=iphoneos*]" = "";
				WRAPPER_EXTENSION = app;
			};
			name = Release;
		};
		69A598791520844000BDA150 /* Debug */ = {
			isa = XCBuildConfiguration;
			buildSettings = {
				BUNDLE_LOADER = "$(BUILT_PRODUCTS_DIR)/Eric Test CTCCA Project.app/Eric Test CTCCA Project";
				FRAMEWORK_SEARCH_PATHS = (
					"$(SDKROOT)/Developer/Library/Frameworks",
					"$(DEVELOPER_LIBRARY_DIR)/Frameworks",
				);
				GCC_PRECOMPILE_PREFIX_HEADER = YES;
				GCC_PREFIX_HEADER = "Eric Test CTCCA Project/Eric Test CTCCA Project-Prefix.pch";
				INFOPLIST_FILE = "Eric Test CTCCA ProjectTests/Eric Test CTCCA ProjectTests-Info.plist";
				PRODUCT_NAME = "$(TARGET_NAME)";
				TEST_HOST = "$(BUNDLE_LOADER)";
				WRAPPER_EXTENSION = octest;
			};
			name = Debug;
		};
		69A5987A1520844000BDA150 /* Release */ = {
			isa = XCBuildConfiguration;
			buildSettings = {
				BUNDLE_LOADER = "$(BUILT_PRODUCTS_DIR)/Eric Test CTCCA Project.app/Eric Test CTCCA Project";
				FRAMEWORK_SEARCH_PATHS = (
					"$(SDKROOT)/Developer/Library/Frameworks",
					"$(DEVELOPER_LIBRARY_DIR)/Frameworks",
				);
				GCC_PRECOMPILE_PREFIX_HEADER = YES;
				GCC_PREFIX_HEADER = "Eric Test CTCCA Project/Eric Test CTCCA Project-Prefix.pch";
				INFOPLIST_FILE = "Eric Test CTCCA ProjectTests/Eric Test CTCCA ProjectTests-Info.plist";
				PRODUCT_NAME = "$(TARGET_NAME)";
				TEST_HOST = "$(BUNDLE_LOADER)";
				WRAPPER_EXTENSION = octest;
			};
			name = Release;
		};
/* End XCBuildConfiguration section */

/* Begin XCConfigurationList section */
		69A5983C1520843F00BDA150 /* Build configuration list for PBXProject "Eric Test CTCCA Project" */ = {
			isa = XCConfigurationList;
			buildConfigurations = (
				69A598731520844000BDA150 /* Debug */,
				69A598741520844000BDA150 /* Release */,
			);
			defaultConfigurationIsVisible = 0;
			defaultConfigurationName = Release;
		};
		69A598751520844000BDA150 /* Build configuration list for PBXNativeTarget "Eric Test CTCCA Project" */ = {
			isa = XCConfigurationList;
			buildConfigurations = (
				69A598761520844000BDA150 /* Debug */,
				69A598771520844000BDA150 /* Release */,
			);
			defaultConfigurationIsVisible = 0;
			defaultConfigurationName = Release;
		};
		69A598781520844000BDA150 /* Build configuration list for PBXNativeTarget "Eric Test CTCCA ProjectTests" */ = {
			isa = XCConfigurationList;
			buildConfigurations = (
				69A598791520844000BDA150 /* Debug */,
				69A5987A1520844000BDA150 /* Release */,
			);
			defaultConfigurationIsVisible = 0;
			defaultConfigurationName = Release;
		};
/* End XCConfigurationList section */
	};
	rootObject = 69A598391520843F00BDA150 /* Project object */;
}
